
Microsoft Visual Studio Solution File, Format Version 12.00
# Visual Studio Version 16
VisualStudioVersion = 16.0.29911.84
MinimumVisualStudioVersion = 10.0.40219.1
Project("{9A19103F-16F7-4668-BE54-9A1E7A4F7556}") = "BotLibrary1", "BotLibrary1.csproj", "{881DD2F3-DAE5-465A-9866-6EA9B881C557}"
EndProject
Global
	GlobalSection(SolutionConfigurationPlatforms) = preSolution
		Debug|Any CPU = Debug|Any CPU
		Release|Any CPU = Release|Any CPU
	EndGlobalSection
	GlobalSection(ProjectConfigurationPlatforms) = postSolution
		{881DD2F3-DAE5-465A-9866-6EA9B881C557}.Debug|Any CPU.ActiveCfg = Debug|Any CPU
		{881DD2F3-DAE5-465A-9866-6EA9B881C557}.Debug|Any CPU.Build.0 = Debug|Any CPU
		{881DD2F3-DAE5-465A-9866-6EA9B881C557}.Release|Any CPU.ActiveCfg = Release|Any CPU
		{881DD2F3-DAE5-465A-9866-6EA9B881C557}.Release|Any CPU.Build.0 = Release|Any CPU
	EndGlobalSection
	GlobalSection(SolutionProperties) = preSolution
		HideSolutionNode = FALSE
	EndGlobalSection
	GlobalSection(ExtensibilityGlobals) = postSolution
		SolutionGuid = {55D1B549-90DF-47E2-B064-3B020285CD69}
	EndGlobalSection
EndGlobal
