
Microsoft Visual Studio Solution File, Format Version 12.00
# Visual Studio Version 16
VisualStudioVersion = 16.0.29230.47
MinimumVisualStudioVersion = 10.0.40219.1
Project("{FAE04EC0-301F-11D3-BF4B-00C04F79EFBC}") = "botLybrary", "botLybrary.csproj", "{53BB4EFF-40AE-4DE8-BE52-A6E2B662B8FC}"
EndProject
Project("{FAE04EC0-301F-11D3-BF4B-00C04F79EFBC}") = "ClassLibrary", "..\ClassLibrary\ClassLibrary\ClassLibrary.csproj", "{013AC4C5-74D5-44D7-A4DB-4D4289FAE6B7}"
EndProject
Project("{FAE04EC0-301F-11D3-BF4B-00C04F79EFBC}") = "BotLibrary1", "..\BotLibrary1\BotLibrary1.csproj", "{1DA51A5A-8066-4A02-988B-A29EB4BDDB17}"
EndProject
Global
	GlobalSection(SolutionConfigurationPlatforms) = preSolution
		Debug|Any CPU = Debug|Any CPU
		Release|Any CPU = Release|Any CPU
	EndGlobalSection
	GlobalSection(ProjectConfigurationPlatforms) = postSolution
		{53BB4EFF-40AE-4DE8-BE52-A6E2B662B8FC}.Debug|Any CPU.ActiveCfg = Debug|Any CPU
		{53BB4EFF-40AE-4DE8-BE52-A6E2B662B8FC}.Debug|Any CPU.Build.0 = Debug|Any CPU
		{53BB4EFF-40AE-4DE8-BE52-A6E2B662B8FC}.Release|Any CPU.ActiveCfg = Release|Any CPU
		{53BB4EFF-40AE-4DE8-BE52-A6E2B662B8FC}.Release|Any CPU.Build.0 = Release|Any CPU
		{013AC4C5-74D5-44D7-A4DB-4D4289FAE6B7}.Debug|Any CPU.ActiveCfg = Debug|Any CPU
		{013AC4C5-74D5-44D7-A4DB-4D4289FAE6B7}.Debug|Any CPU.Build.0 = Debug|Any CPU
		{013AC4C5-74D5-44D7-A4DB-4D4289FAE6B7}.Release|Any CPU.ActiveCfg = Release|Any CPU
		{013AC4C5-74D5-44D7-A4DB-4D4289FAE6B7}.Release|Any CPU.Build.0 = Release|Any CPU
		{1DA51A5A-8066-4A02-988B-A29EB4BDDB17}.Debug|Any CPU.ActiveCfg = Debug|Any CPU
		{1DA51A5A-8066-4A02-988B-A29EB4BDDB17}.Debug|Any CPU.Build.0 = Debug|Any CPU
		{1DA51A5A-8066-4A02-988B-A29EB4BDDB17}.Release|Any CPU.ActiveCfg = Release|Any CPU
		{1DA51A5A-8066-4A02-988B-A29EB4BDDB17}.Release|Any CPU.Build.0 = Release|Any CPU
	EndGlobalSection
	GlobalSection(SolutionProperties) = preSolution
		HideSolutionNode = FALSE
	EndGlobalSection
	GlobalSection(ExtensibilityGlobals) = postSolution
		SolutionGuid = {F91A5D14-9375-4E4F-8535-4869CFB3B022}
	EndGlobalSection
EndGlobal
