
Microsoft Visual Studio Solution File, Format Version 12.00
# Visual Studio 15
VisualStudioVersion = 15.0.28307.489
MinimumVisualStudioVersion = 10.0.40219.1
Project("{FAE04EC0-301F-11D3-BF4B-00C04F79EFBC}") = "MapEdit", "MapEdit\MapEdit.csproj", "{C33DD41B-2AA6-41DC-B1B6-65678C456317}"
EndProject
Global
	GlobalSection(SolutionConfigurationPlatforms) = preSolution
		Debug|Any CPU = Debug|Any CPU
		Release|Any CPU = Release|Any CPU
	EndGlobalSection
	GlobalSection(ProjectConfigurationPlatforms) = postSolution
		{C33DD41B-2AA6-41DC-B1B6-65678C456317}.Debug|Any CPU.ActiveCfg = Debug|Any CPU
		{C33DD41B-2AA6-41DC-B1B6-65678C456317}.Debug|Any CPU.Build.0 = Debug|Any CPU
		{C33DD41B-2AA6-41DC-B1B6-65678C456317}.Release|Any CPU.ActiveCfg = Release|Any CPU
		{C33DD41B-2AA6-41DC-B1B6-65678C456317}.Release|Any CPU.Build.0 = Release|Any CPU
	EndGlobalSection
	GlobalSection(SolutionProperties) = preSolution
		HideSolutionNode = FALSE
	EndGlobalSection
	GlobalSection(ExtensibilityGlobals) = postSolution
		SolutionGuid = {81A978A3-6C04-4355-9010-D353708F6417}
	EndGlobalSection
EndGlobal
